
Microsoft Visual Studio Solution File, Format Version 12.00
Project("{FAE04EC0-301F-11D3-BF4B-00C04F79EFBC}") = "PackDB.Core", "PackDB.Core\PackDB.Core.csproj", "{8EC5C3E9-FA34-4789-BE8B-9973F1AAAFA2}"
EndProject
Project("{FAE04EC0-301F-11D3-BF4B-00C04F79EFBC}") = "PackDB.FileSystem", "PackDB.FileSystem\PackDB.FileSystem.csproj", "{5A1834EA-178F-45E8-A91E-76369A0D156C}"
EndProject
Project("{FAE04EC0-301F-11D3-BF4B-00C04F79EFBC}") = "PackDB.FileSystem.Tests", "PackDB.FileSystem.Tests\PackDB.FileSystem.Tests.csproj", "{6DE2539A-96C6-4D8C-9F46-0F5E9C736D43}"
EndProject
Project("{FAE04EC0-301F-11D3-BF4B-00C04F79EFBC}") = "PackDB.Core.Tests", "PackDB.Core.Tests\PackDB.Core.Tests.csproj", "{EAF3A773-1B9A-40F9-B5CA-FF996E9C8559}"
EndProject
Project("{FAE04EC0-301F-11D3-BF4B-00C04F79EFBC}") = "IntegrationTestApp", "IntegrationTestApp\IntegrationTestApp.csproj", "{00190E07-EE9F-4813-8900-90693704450B}"
EndProject
Global
	GlobalSection(SolutionConfigurationPlatforms) = preSolution
		Debug|Any CPU = Debug|Any CPU
		Release|Any CPU = Release|Any CPU
	EndGlobalSection
	GlobalSection(ProjectConfigurationPlatforms) = postSolution
		{8EC5C3E9-FA34-4789-BE8B-9973F1AAAFA2}.Debug|Any CPU.ActiveCfg = Debug|Any CPU
		{8EC5C3E9-FA34-4789-BE8B-9973F1AAAFA2}.Debug|Any CPU.Build.0 = Debug|Any CPU
		{8EC5C3E9-FA34-4789-BE8B-9973F1AAAFA2}.Release|Any CPU.ActiveCfg = Release|Any CPU
		{8EC5C3E9-FA34-4789-BE8B-9973F1AAAFA2}.Release|Any CPU.Build.0 = Release|Any CPU
		{5A1834EA-178F-45E8-A91E-76369A0D156C}.Debug|Any CPU.ActiveCfg = Debug|Any CPU
		{5A1834EA-178F-45E8-A91E-76369A0D156C}.Debug|Any CPU.Build.0 = Debug|Any CPU
		{5A1834EA-178F-45E8-A91E-76369A0D156C}.Release|Any CPU.ActiveCfg = Release|Any CPU
		{5A1834EA-178F-45E8-A91E-76369A0D156C}.Release|Any CPU.Build.0 = Release|Any CPU
		{6DE2539A-96C6-4D8C-9F46-0F5E9C736D43}.Debug|Any CPU.ActiveCfg = Debug|Any CPU
		{6DE2539A-96C6-4D8C-9F46-0F5E9C736D43}.Debug|Any CPU.Build.0 = Debug|Any CPU
		{6DE2539A-96C6-4D8C-9F46-0F5E9C736D43}.Release|Any CPU.ActiveCfg = Release|Any CPU
		{6DE2539A-96C6-4D8C-9F46-0F5E9C736D43}.Release|Any CPU.Build.0 = Release|Any CPU
		{EAF3A773-1B9A-40F9-B5CA-FF996E9C8559}.Debug|Any CPU.ActiveCfg = Debug|Any CPU
		{EAF3A773-1B9A-40F9-B5CA-FF996E9C8559}.Debug|Any CPU.Build.0 = Debug|Any CPU
		{EAF3A773-1B9A-40F9-B5CA-FF996E9C8559}.Release|Any CPU.ActiveCfg = Release|Any CPU
		{EAF3A773-1B9A-40F9-B5CA-FF996E9C8559}.Release|Any CPU.Build.0 = Release|Any CPU
		{00190E07-EE9F-4813-8900-90693704450B}.Debug|Any CPU.ActiveCfg = Debug|Any CPU
		{00190E07-EE9F-4813-8900-90693704450B}.Debug|Any CPU.Build.0 = Debug|Any CPU
		{00190E07-EE9F-4813-8900-90693704450B}.Release|Any CPU.ActiveCfg = Release|Any CPU
		{00190E07-EE9F-4813-8900-90693704450B}.Release|Any CPU.Build.0 = Release|Any CPU
	EndGlobalSection
EndGlobal
